// !$*UTF8*$!
{
	archiveVersion = 1;
	classes = {
	};
	objectVersion = 46;
	objects = {

/* Begin PBXBuildFile section */
		BF029E5C1EFBC2CA0081B378 /* main.m in Sources */ = {isa = PBXBuildFile; fileRef = BF029E5B1EFBC2CA0081B378 /* main.m */; };
		BF029E5F1EFBC2CA0081B378 /* AppDelegate.m in Sources */ = {isa = PBXBuildFile; fileRef = BF029E5E1EFBC2CA0081B378 /* AppDelegate.m */; };
		BF029E621EFBC2CA0081B378 /* ViewController.m in Sources */ = {isa = PBXBuildFile; fileRef = BF029E611EFBC2CA0081B378 /* ViewController.m */; };
		BF029E671EFBC2CA0081B378 /* Assets.xcassets in Resources */ = {isa = PBXBuildFile; fileRef = BF029E661EFBC2CA0081B378 /* Assets.xcassets */; };
		BF029E6A1EFBC2CA0081B378 /* LaunchScreen.storyboard in Resources */ = {isa = PBXBuildFile; fileRef = BF029E681EFBC2CA0081B378 /* LaunchScreen.storyboard */; };
		BF029E741EFBC3B60081B378 /* DZHorizontalCollectionView.m in Sources */ = {isa = PBXBuildFile; fileRef = BF029E731EFBC3B60081B378 /* DZHorizontalCollectionView.m */; };
		BF029E771EFBC9820081B378 /* DZBannerModel.m in Sources */ = {isa = PBXBuildFile; fileRef = BF029E761EFBC9820081B378 /* DZBannerModel.m */; };
		BF029E7A1EFCB4720081B378 /* DZBannerView.m in Sources */ = {isa = PBXBuildFile; fileRef = BF029E791EFCB4720081B378 /* DZBannerView.m */; };
		BF029E801EFCF0240081B378 /* DZAdView.m in Sources */ = {isa = PBXBuildFile; fileRef = BF029E7F1EFCF0240081B378 /* DZAdView.m */; };
		BF029E831EFCF0720081B378 /* DZAdModel.m in Sources */ = {isa = PBXBuildFile; fileRef = BF029E821EFCF0720081B378 /* DZAdModel.m */; };
		BF029E861EFD02180081B378 /* DZHorizontalCollectionViewFlowLayout.m in Sources */ = {isa = PBXBuildFile; fileRef = BF029E851EFD02180081B378 /* DZHorizontalCollectionViewFlowLayout.m */; };
/* End PBXBuildFile section */

/* Begin PBXFileReference section */
		BF029E571EFBC2CA0081B378 /* DZHorizontalCollectionView.app */ = {isa = PBXFileReference; explicitFileType = wrapper.application; includeInIndex = 0; path = DZHorizontalCollectionView.app; sourceTree = BUILT_PRODUCTS_DIR; };
		BF029E5B1EFBC2CA0081B378 /* main.m */ = {isa = PBXFileReference; lastKnownFileType = sourcecode.c.objc; path = main.m; sourceTree = "<group>"; };
		BF029E5D1EFBC2CA0081B378 /* AppDelegate.h */ = {isa = PBXFileReference; lastKnownFileType = sourcecode.c.h; path = AppDelegate.h; sourceTree = "<group>"; };
		BF029E5E1EFBC2CA0081B378 /* AppDelegate.m */ = {isa = PBXFileReference; lastKnownFileType = sourcecode.c.objc; path = AppDelegate.m; sourceTree = "<group>"; };
		BF029E601EFBC2CA0081B378 /* ViewController.h */ = {isa = PBXFileReference; lastKnownFileType = sourcecode.c.h; path = ViewController.h; sourceTree = "<group>"; };
		BF029E611EFBC2CA0081B378 /* ViewController.m */ = {isa = PBXFileReference; lastKnownFileType = sourcecode.c.objc; path = ViewController.m; sourceTree = "<group>"; };
		BF029E661EFBC2CA0081B378 /* Assets.xcassets */ = {isa = PBXFileReference; lastKnownFileType = folder.assetcatalog; path = Assets.xcassets; sourceTree = "<group>"; };
		BF029E691EFBC2CA0081B378 /* Base */ = {isa = PBXFileReference; lastKnownFileType = file.storyboard; name = Base; path = Base.lproj/LaunchScreen.storyboard; sourceTree = "<group>"; };
		BF029E6B1EFBC2CA0081B378 /* Info.plist */ = {isa = PBXFileReference; lastKnownFileType = text.plist.xml; path = Info.plist; sourceTree = "<group>"; };
		BF029E721EFBC3B60081B378 /* DZHorizontalCollectionView.h */ = {isa = PBXFileReference; fileEncoding = 4; lastKnownFileType = sourcecode.c.h; path = DZHorizontalCollectionView.h; sourceTree = "<group>"; };
		BF029E731EFBC3B60081B378 /* DZHorizontalCollectionView.m */ = {isa = PBXFileReference; fileEncoding = 4; lastKnownFileType = sourcecode.c.objc; path = DZHorizontalCollectionView.m; sourceTree = "<group>"; };
		BF029E751EFBC9820081B378 /* DZBannerModel.h */ = {isa = PBXFileReference; fileEncoding = 4; lastKnownFileType = sourcecode.c.h; path = DZBannerModel.h; sourceTree = "<group>"; };
		BF029E761EFBC9820081B378 /* DZBannerModel.m */ = {isa = PBXFileReference; fileEncoding = 4; lastKnownFileType = sourcecode.c.objc; path = DZBannerModel.m; sourceTree = "<group>"; };
		BF029E781EFCB4720081B378 /* DZBannerView.h */ = {isa = PBXFileReference; fileEncoding = 4; lastKnownFileType = sourcecode.c.h; path = DZBannerView.h; sourceTree = "<group>"; };
		BF029E791EFCB4720081B378 /* DZBannerView.m */ = {isa = PBXFileReference; fileEncoding = 4; lastKnownFileType = sourcecode.c.objc; path = DZBannerView.m; sourceTree = "<group>"; };
		BF029E7E1EFCF0240081B378 /* DZAdView.h */ = {isa = PBXFileReference; fileEncoding = 4; lastKnownFileType = sourcecode.c.h; path = DZAdView.h; sourceTree = "<group>"; };
		BF029E7F1EFCF0240081B378 /* DZAdView.m */ = {isa = PBXFileReference; fileEncoding = 4; lastKnownFileType = sourcecode.c.objc; path = DZAdView.m; sourceTree = "<group>"; };
		BF029E811EFCF0720081B378 /* DZAdModel.h */ = {isa = PBXFileReference; fileEncoding = 4; lastKnownFileType = sourcecode.c.h; path = DZAdModel.h; sourceTree = "<group>"; };
		BF029E821EFCF0720081B378 /* DZAdModel.m */ = {isa = PBXFileReference; fileEncoding = 4; lastKnownFileType = sourcecode.c.objc; path = DZAdModel.m; sourceTree = "<group>"; };
		BF029E841EFD02180081B378 /* DZHorizontalCollectionViewFlowLayout.h */ = {isa = PBXFileReference; fileEncoding = 4; lastKnownFileType = sourcecode.c.h; path = DZHorizontalCollectionViewFlowLayout.h; sourceTree = "<group>"; };
		BF029E851EFD02180081B378 /* DZHorizontalCollectionViewFlowLayout.m */ = {isa = PBXFileReference; fileEncoding = 4; lastKnownFileType = sourcecode.c.objc; path = DZHorizontalCollectionViewFlowLayout.m; sourceTree = "<group>"; };
/* End PBXFileReference section */

/* Begin PBXFrameworksBuildPhase section */
		BF029E541EFBC2CA0081B378 /* Frameworks */ = {
			isa = PBXFrameworksBuildPhase;
			buildActionMask = 2147483647;
			files = (
			);
			runOnlyForDeploymentPostprocessing = 0;
		};
/* End PBXFrameworksBuildPhase section */

/* Begin PBXGroup section */
		BF029E4E1EFBC2CA0081B378 = {
			isa = PBXGroup;
			children = (
				BF029E591EFBC2CA0081B378 /* DZHorizontalCollectionView */,
				BF029E581EFBC2CA0081B378 /* Products */,
			);
			sourceTree = "<group>";
		};
		BF029E581EFBC2CA0081B378 /* Products */ = {
			isa = PBXGroup;
			children = (
				BF029E571EFBC2CA0081B378 /* DZHorizontalCollectionView.app */,
			);
			name = Products;
			sourceTree = "<group>";
		};
		BF029E591EFBC2CA0081B378 /* DZHorizontalCollectionView */ = {
			isa = PBXGroup;
			children = (
				BF029E711EFBC3A40081B378 /* DZHorizontalCollectionView */,
				BF029E5D1EFBC2CA0081B378 /* AppDelegate.h */,
				BF029E5E1EFBC2CA0081B378 /* AppDelegate.m */,
				BF029E601EFBC2CA0081B378 /* ViewController.h */,
				BF029E611EFBC2CA0081B378 /* ViewController.m */,
				BF029E751EFBC9820081B378 /* DZBannerModel.h */,
				BF029E761EFBC9820081B378 /* DZBannerModel.m */,
				BF029E811EFCF0720081B378 /* DZAdModel.h */,
				BF029E821EFCF0720081B378 /* DZAdModel.m */,
				BF029E781EFCB4720081B378 /* DZBannerView.h */,
				BF029E791EFCB4720081B378 /* DZBannerView.m */,
				BF029E7E1EFCF0240081B378 /* DZAdView.h */,
				BF029E7F1EFCF0240081B378 /* DZAdView.m */,
				BF029E661EFBC2CA0081B378 /* Assets.xcassets */,
				BF029E681EFBC2CA0081B378 /* LaunchScreen.storyboard */,
				BF029E6B1EFBC2CA0081B378 /* Info.plist */,
				BF029E5A1EFBC2CA0081B378 /* Supporting Files */,
			);
			path = DZHorizontalCollectionView;
			sourceTree = "<group>";
		};
		BF029E5A1EFBC2CA0081B378 /* Supporting Files */ = {
			isa = PBXGroup;
			children = (
				BF029E5B1EFBC2CA0081B378 /* main.m */,
			);
			name = "Supporting Files";
			sourceTree = "<group>";
		};
		BF029E711EFBC3A40081B378 /* DZHorizontalCollectionView */ = {
			isa = PBXGroup;
			children = (
				BF029E721EFBC3B60081B378 /* DZHorizontalCollectionView.h */,
				BF029E731EFBC3B60081B378 /* DZHorizontalCollectionView.m */,
				BF029E841EFD02180081B378 /* DZHorizontalCollectionViewFlowLayout.h */,
				BF029E851EFD02180081B378 /* DZHorizontalCollectionViewFlowLayout.m */,
			);
			path = DZHorizontalCollectionView;
			sourceTree = "<group>";
		};
/* End PBXGroup section */

/* Begin PBXNativeTarget section */
		BF029E561EFBC2CA0081B378 /* DZHorizontalCollectionView */ = {
			isa = PBXNativeTarget;
			buildConfigurationList = BF029E6E1EFBC2CA0081B378 /* Build configuration list for PBXNativeTarget "DZHorizontalCollectionView" */;
			buildPhases = (
				BF029E531EFBC2CA0081B378 /* Sources */,
				BF029E541EFBC2CA0081B378 /* Frameworks */,
				BF029E551EFBC2CA0081B378 /* Resources */,
			);
			buildRules = (
			);
			dependencies = (
			);
			name = DZHorizontalCollectionView;
			productName = DZHorizontalCollectionView;
			productReference = BF029E571EFBC2CA0081B378 /* DZHorizontalCollectionView.app */;
			productType = "com.apple.product-type.application";
		};
/* End PBXNativeTarget section */

/* Begin PBXProject section */
		BF029E4F1EFBC2CA0081B378 /* Project object */ = {
			isa = PBXProject;
			attributes = {
				LastUpgradeCheck = 0830;
				ORGANIZATIONNAME = zwz;
				TargetAttributes = {
					BF029E561EFBC2CA0081B378 = {
						CreatedOnToolsVersion = 8.3.2;
						DevelopmentTeam = 95GVBJ2C6L;
						ProvisioningStyle = Automatic;
					};
				};
			};
			buildConfigurationList = BF029E521EFBC2CA0081B378 /* Build configuration list for PBXProject "DZHorizontalCollectionView" */;
			compatibilityVersion = "Xcode 3.2";
			developmentRegion = English;
			hasScannedForEncodings = 0;
			knownRegions = (
				en,
				Base,
			);
			mainGroup = BF029E4E1EFBC2CA0081B378;
			productRefGroup = BF029E581EFBC2CA0081B378 /* Products */;
			projectDirPath = "";
			projectRoot = "";
			targets = (
				BF029E561EFBC2CA0081B378 /* DZHorizontalCollectionView */,
			);
		};
/* End PBXProject section */

/* Begin PBXResourcesBuildPhase section */
		BF029E551EFBC2CA0081B378 /* Resources */ = {
			isa = PBXResourcesBuildPhase;
			buildActionMask = 2147483647;
			files = (
				BF029E6A1EFBC2CA0081B378 /* LaunchScreen.storyboard in Resources */,
				BF029E671EFBC2CA0081B378 /* Assets.xcassets in Resources */,
			);
			runOnlyForDeploymentPostprocessing = 0;
		};
/* End PBXResourcesBuildPhase section */

/* Begin PBXSourcesBuildPhase section */
		BF029E531EFBC2CA0081B378 /* Sources */ = {
			isa = PBXSourcesBuildPhase;
			buildActionMask = 2147483647;
			files = (
				BF029E621EFBC2CA0081B378 /* ViewController.m in Sources */,
				BF029E771EFBC9820081B378 /* DZBannerModel.m in Sources */,
				BF029E7A1EFCB4720081B378 /* DZBannerView.m in Sources */,
				BF029E5F1EFBC2CA0081B378 /* AppDelegate.m in Sources */,
				BF029E741EFBC3B60081B378 /* DZHorizontalCollectionView.m in Sources */,
				BF029E5C1EFBC2CA0081B378 /* main.m in Sources */,
				BF029E801EFCF0240081B378 /* DZAdView.m in Sources */,
				BF029E861EFD02180081B378 /* DZHorizontalCollectionViewFlowLayout.m in Sources */,
				BF029E831EFCF0720081B378 /* DZAdModel.m in Sources */,
			);
			runOnlyForDeploymentPostprocessing = 0;
		};
/* End PBXSourcesBuildPhase section */

/* Begin PBXVariantGroup section */
		BF029E681EFBC2CA0081B378 /* LaunchScreen.storyboard */ = {
			isa = PBXVariantGroup;
			children = (
				BF029E691EFBC2CA0081B378 /* Base */,
			);
			name = LaunchScreen.storyboard;
			sourceTree = "<group>";
		};
/* End PBXVariantGroup section */

/* Begin XCBuildConfiguration section */
		BF029E6C1EFBC2CA0081B378 /* Debug */ = {
			isa = XCBuildConfiguration;
			buildSettings = {
				ALWAYS_SEARCH_USER_PATHS = NO;
				CLANG_ANALYZER_NONNULL = YES;
				CLANG_ANALYZER_NUMBER_OBJECT_CONVERSION = YES_AGGRESSIVE;
				CLANG_CXX_LANGUAGE_STANDARD = "gnu++0x";
				CLANG_CXX_LIBRARY = "libc++";
				CLANG_ENABLE_MODULES = YES;
				CLANG_ENABLE_OBJC_ARC = YES;
				CLANG_WARN_BOOL_CONVERSION = YES;
				CLANG_WARN_CONSTANT_CONVERSION = YES;
				CLANG_WARN_DIRECT_OBJC_ISA_USAGE = YES_ERROR;
				CLANG_WARN_DOCUMENTATION_COMMENTS = YES;
				CLANG_WARN_EMPTY_BODY = YES;
				CLANG_WARN_ENUM_CONVERSION = YES;
				CLANG_WARN_INFINITE_RECURSION = YES;
				CLANG_WARN_INT_CONVERSION = YES;
				CLANG_WARN_OBJC_ROOT_CLASS = YES_ERROR;
				CLANG_WARN_SUSPICIOUS_MOVE = YES;
				CLANG_WARN_UNREACHABLE_CODE = YES;
				CLANG_WARN__DUPLICATE_METHOD_MATCH = YES;
				"CODE_SIGN_IDENTITY[sdk=iphoneos*]" = "iPhone Developer";
				COPY_PHASE_STRIP = NO;
				DEBUG_INFORMATION_FORMAT = dwarf;
				ENABLE_STRICT_OBJC_MSGSEND = YES;
				ENABLE_TESTABILITY = YES;
				GCC_C_LANGUAGE_STANDARD = gnu99;
				GCC_DYNAMIC_NO_PIC = NO;
				GCC_NO_COMMON_BLOCKS = YES;
				GCC_OPTIMIZATION_LEVEL = 0;
				GCC_PREPROCESSOR_DEFINITIONS = (
					"DEBUG=1",
					"$(inherited)",
				);
				GCC_WARN_64_TO_32_BIT_CONVERSION = YES;
				GCC_WARN_ABOUT_RETURN_TYPE = YES_ERROR;
				GCC_WARN_UNDECLARED_SELECTOR = YES;
				GCC_WARN_UNINITIALIZED_AUTOS = YES_AGGRESSIVE;
				GCC_WARN_UNUSED_FUNCTION = YES;
				GCC_WARN_UNUSED_VARIABLE = YES;
				IPHONEOS_DEPLOYMENT_TARGET = 10.3;
				MTL_ENABLE_DEBUG_INFO = YES;
				ONLY_ACTIVE_ARCH = YES;
				SDKROOT = iphoneos;
			};
			name = Debug;
		};
		BF029E6D1EFBC2CA0081B378 /* Release */ = {
			isa = XCBuildConfiguration;
			buildSettings = {
				ALWAYS_SEARCH_USER_PATHS = NO;
				CLANG_ANALYZER_NONNULL = YES;
				CLANG_ANALYZER_NUMBER_OBJECT_CONVERSION = YES_AGGRESSIVE;
				CLANG_CXX_LANGUAGE_STANDARD = "gnu++0x";
				CLANG_CXX_LIBRARY = "libc++";
				CLANG_ENABLE_MODULES = YES;
				CLANG_ENABLE_OBJC_ARC = YES;
				CLANG_WARN_BOOL_CONVERSION = YES;
				CLANG_WARN_CONSTANT_CONVERSION = YES;
				CLANG_WARN_DIRECT_OBJC_ISA_USAGE = YES_ERROR;
				CLANG_WARN_DOCUMENTATION_COMMENTS = YES;
				CLANG_WARN_EMPTY_BODY = YES;
				CLANG_WARN_ENUM_CONVERSION = YES;
				CLANG_WARN_INFINITE_RECURSION = YES;
				CLANG_WARN_INT_CONVERSION = YES;
				CLANG_WARN_OBJC_ROOT_CLASS = YES_ERROR;
				CLANG_WARN_SUSPICIOUS_MOVE = YES;
				CLANG_WARN_UNREACHABLE_CODE = YES;
				CLANG_WARN__DUPLICATE_METHOD_MATCH = YES;
				"CODE_SIGN_IDENTITY[sdk=iphoneos*]" = "iPhone Developer";
				COPY_PHASE_STRIP = NO;
				DEBUG_INFORMATION_FORMAT = "dwarf-with-dsym";
				ENABLE_NS_ASSERTIONS = NO;
				ENABLE_STRICT_OBJC_MSGSEND = YES;
				GCC_C_LANGUAGE_STANDARD = gnu99;
				GCC_NO_COMMON_BLOCKS = YES;
				GCC_WARN_64_TO_32_BIT_CONVERSION = YES;
				GCC_WARN_ABOUT_RETURN_TYPE = YES_ERROR;
				GCC_WARN_UNDECLARED_SELECTOR = YES;
				GCC_WARN_UNINITIALIZED_AUTOS = YES_AGGRESSIVE;
				GCC_WARN_UNUSED_FUNCTION = YES;
				GCC_WARN_UNUSED_VARIABLE = YES;
				IPHONEOS_DEPLOYMENT_TARGET = 10.3;
				MTL_ENABLE_DEBUG_INFO = NO;
				SDKROOT = iphoneos;
				VALIDATE_PRODUCT = YES;
			};
			name = Release;
		};
		BF029E6F1EFBC2CA0081B378 /* Debug */ = {
			isa = XCBuildConfiguration;
			buildSettings = {
				ASSETCATALOG_COMPILER_APPICON_NAME = AppIcon;
				DEVELOPMENT_TEAM = 95GVBJ2C6L;
				INFOPLIST_FILE = DZHorizontalCollectionView/Info.plist;
				LD_RUNPATH_SEARCH_PATHS = "$(inherited) @executable_path/Frameworks";
				PRODUCT_BUNDLE_IDENTIFIER = com.z.DZHorizontalCollectionView;
				PRODUCT_NAME = "$(TARGET_NAME)";
			};
			name = Debug;
		};
		BF029E701EFBC2CA0081B378 /* Release */ = {
			isa = XCBuildConfiguration;
			buildSettings = {
				ASSETCATALOG_COMPILER_APPICON_NAME = AppIcon;
				DEVELOPMENT_TEAM = 95GVBJ2C6L;
				INFOPLIST_FILE = DZHorizontalCollectionView/Info.plist;
				LD_RUNPATH_SEARCH_PATHS = "$(inherited) @executable_path/Frameworks";
				PRODUCT_BUNDLE_IDENTIFIER = com.z.DZHorizontalCollectionView;
				PRODUCT_NAME = "$(TARGET_NAME)";
			};
			name = Release;
		};
/* End XCBuildConfiguration section */

/* Begin XCConfigurationList section */
		BF029E521EFBC2CA0081B378 /* Build configuration list for PBXProject "DZHorizontalCollectionView" */ = {
			isa = XCConfigurationList;
			buildConfigurations = (
				BF029E6C1EFBC2CA0081B378 /* Debug */,
				BF029E6D1EFBC2CA0081B378 /* Release */,
			);
			defaultConfigurationIsVisible = 0;
			defaultConfigurationName = Release;
		};
		BF029E6E1EFBC2CA0081B378 /* Build configuration list for PBXNativeTarget "DZHorizontalCollectionView" */ = {
			isa = XCConfigurationList;
			buildConfigurations = (
				BF029E6F1EFBC2CA0081B378 /* Debug */,
				BF029E701EFBC2CA0081B378 /* Release */,
			);
			defaultConfigurationIsVisible = 0;
			defaultConfigurationName = Release;
		};
/* End XCConfigurationList section */
	};
	rootObject = BF029E4F1EFBC2CA0081B378 /* Project object */;
}
